
Microsoft Visual Studio Solution File, Format Version 12.00
# Visual Studio Version 17
VisualStudioVersion = 17.0.31903.59
MinimumVisualStudioVersion = 10.0.40219.1
Project("{9A19103F-16F7-4668-BE54-9A1E7A4F7556}") = "Demo.Console", "Demo\Demo.Console\Demo.Console.csproj", "{D436D311-EAC7-4A17-9267-59F7EB42F369}"
EndProject
Project("{9A19103F-16F7-4668-BE54-9A1E7A4F7556}") = "Ossendorf.Csla.DataPortalExtensionGenerator", "src\Csla.DataPortalExtensionGenerator\Ossendorf.Csla.DataPortalExtensionGenerator.csproj", "{87C964DF-947D-4712-96C9-0F60A73DA4DC}"
EndProject
Project("{9A19103F-16F7-4668-BE54-9A1E7A4F7556}") = "Ossendorf.Csla.DataPortalExtensionGenerator.Tests", "tests\Csla.DataPortalExtensionGenerator.Tests\Ossendorf.Csla.DataPortalExtensionGenerator.Tests.csproj", "{25E6673B-D744-4C78-8D71-4AB3C82DC3BD}"
EndProject
Project("{2150E333-8FDC-42A3-9474-1A3956D46DE8}") = "Solution Items", "Solution Items", "{CB7BB8AE-25F0-484D-AFDE-E5F913BC656D}"
	ProjectSection(SolutionItems) = preProject
		.editorconfig = .editorconfig
		Directory.Build.props = Directory.Build.props
		Directory.Packages.props = Directory.Packages.props
		global.json = global.json
		README.md = README.md
	EndProjectSection
EndProject
Project("{9A19103F-16F7-4668-BE54-9A1E7A4F7556}") = "Ossendorf.Csla.DataPortalExtensionGenerator.Tests.CsprojConfig", "tests\Csla.DataPortalExtensionGenerator.Tests.CsprojConfig\Ossendorf.Csla.DataPortalExtensionGenerator.Tests.CsprojConfig.csproj", "{1E7D7B79-5C39-4643-B8F4-2D43F4E8F0C2}"
EndProject
Project("{9A19103F-16F7-4668-BE54-9A1E7A4F7556}") = "Ossendorf.Csla.DataPortalExtensionGenerator.Analyzers", "src\Csla.DataPortalExtensionGenerator.Analyzers\Ossendorf.Csla.DataPortalExtensionGenerator.Analyzers.csproj", "{E2E4D266-9FE6-4545-8C85-E7BFBAEF0727}"
EndProject
Project("{9A19103F-16F7-4668-BE54-9A1E7A4F7556}") = "Ossendorf.Csla.DataPortalExtensionGenerator.Analyzers.Package", "src\Csla.DataPortalExtensionGenerator.Analyzers.Package\Ossendorf.Csla.DataPortalExtensionGenerator.Analyzers.Package.csproj", "{11ED6E2C-88E6-4A6C-9EFB-E6F1DFE3BD0D}"
EndProject
Project("{2150E333-8FDC-42A3-9474-1A3956D46DE8}") = "Analyzers", "Analyzers", "{B446CD63-FAD5-4D05-B0DC-8A9FD6AA7C0C}"
EndProject
Project("{9A19103F-16F7-4668-BE54-9A1E7A4F7556}") = "Ossendorf.Csla.DataPortalExtensionGenerator.Analyzers.Test", "tests\Csla.DataPortalExtensionGenerator.Analyzers.Test\Ossendorf.Csla.DataPortalExtensionGenerator.Analyzers.Test.csproj", "{1DC38685-54BB-4E42-91B8-875576455CD5}"
EndProject
Project("{9A19103F-16F7-4668-BE54-9A1E7A4F7556}") = "Csla.DataPortalExtensionGenerator.Analyzers.Vsix", "src\Csla.DataPortalExtensionGenerator.Analyzers.Vsix\Csla.DataPortalExtensionGenerator.Analyzers.Vsix.csproj", "{C99E5801-D3CD-48DD-9B35-8207DBA45ADE}"
EndProject
Project("{9A19103F-16F7-4668-BE54-9A1E7A4F7556}") = "Ossendorf.Csla.DataPortalExtensionGenerator.Analyzers.CodeFixes", "src\Csla.DataPortalExtensionGenerator.Analyzers.CodeFixes\Ossendorf.Csla.DataPortalExtensionGenerator.Analyzers.CodeFixes.csproj", "{CD8088E3-B650-4E5A-AC81-B2C0D23A353C}"
EndProject
Project("{9A19103F-16F7-4668-BE54-9A1E7A4F7556}") = "Ossendorf.Csla.DataPortalExtensionGenerator.Attributes", "src\Csla.DataPortalExtensionGenerator.Attributes\Ossendorf.Csla.DataPortalExtensionGenerator.Attributes.csproj", "{01D5FECB-C502-4399-AD91-4E0476B734A4}"
EndProject
Project("{2150E333-8FDC-42A3-9474-1A3956D46DE8}") = "Samples", "Samples", "{02EA681E-C7D8-13C7-8484-4AC65E1B71E8}"
EndProject
Project("{FAE04EC0-301F-11D3-BF4B-00C04F79EFBC}") = "Demo.Library", "Demo\Demo.Library\Demo.Library.csproj", "{563C2157-E292-4A04-B029-0CB1B67E8A21}"
EndProject
Global
	GlobalSection(SolutionConfigurationPlatforms) = preSolution
		Debug|Any CPU = Debug|Any CPU
		Release|Any CPU = Release|Any CPU
	EndGlobalSection
	GlobalSection(ProjectConfigurationPlatforms) = postSolution
		{D436D311-EAC7-4A17-9267-59F7EB42F369}.Debug|Any CPU.ActiveCfg = Debug|Any CPU
		{D436D311-EAC7-4A17-9267-59F7EB42F369}.Debug|Any CPU.Build.0 = Debug|Any CPU
		{D436D311-EAC7-4A17-9267-59F7EB42F369}.Release|Any CPU.ActiveCfg = Release|Any CPU
		{D436D311-EAC7-4A17-9267-59F7EB42F369}.Release|Any CPU.Build.0 = Release|Any CPU
		{87C964DF-947D-4712-96C9-0F60A73DA4DC}.Debug|Any CPU.ActiveCfg = Debug|Any CPU
		{87C964DF-947D-4712-96C9-0F60A73DA4DC}.Debug|Any CPU.Build.0 = Debug|Any CPU
		{87C964DF-947D-4712-96C9-0F60A73DA4DC}.Release|Any CPU.ActiveCfg = Release|Any CPU
		{87C964DF-947D-4712-96C9-0F60A73DA4DC}.Release|Any CPU.Build.0 = Release|Any CPU
		{25E6673B-D744-4C78-8D71-4AB3C82DC3BD}.Debug|Any CPU.ActiveCfg = Debug|Any CPU
		{25E6673B-D744-4C78-8D71-4AB3C82DC3BD}.Debug|Any CPU.Build.0 = Debug|Any CPU
		{25E6673B-D744-4C78-8D71-4AB3C82DC3BD}.Release|Any CPU.ActiveCfg = Release|Any CPU
		{25E6673B-D744-4C78-8D71-4AB3C82DC3BD}.Release|Any CPU.Build.0 = Release|Any CPU
		{1E7D7B79-5C39-4643-B8F4-2D43F4E8F0C2}.Debug|Any CPU.ActiveCfg = Debug|Any CPU
		{1E7D7B79-5C39-4643-B8F4-2D43F4E8F0C2}.Debug|Any CPU.Build.0 = Debug|Any CPU
		{1E7D7B79-5C39-4643-B8F4-2D43F4E8F0C2}.Release|Any CPU.ActiveCfg = Release|Any CPU
		{1E7D7B79-5C39-4643-B8F4-2D43F4E8F0C2}.Release|Any CPU.Build.0 = Release|Any CPU
		{E2E4D266-9FE6-4545-8C85-E7BFBAEF0727}.Debug|Any CPU.ActiveCfg = Debug|Any CPU
		{E2E4D266-9FE6-4545-8C85-E7BFBAEF0727}.Debug|Any CPU.Build.0 = Debug|Any CPU
		{E2E4D266-9FE6-4545-8C85-E7BFBAEF0727}.Release|Any CPU.ActiveCfg = Release|Any CPU
		{E2E4D266-9FE6-4545-8C85-E7BFBAEF0727}.Release|Any CPU.Build.0 = Release|Any CPU
		{11ED6E2C-88E6-4A6C-9EFB-E6F1DFE3BD0D}.Debug|Any CPU.ActiveCfg = Debug|Any CPU
		{11ED6E2C-88E6-4A6C-9EFB-E6F1DFE3BD0D}.Debug|Any CPU.Build.0 = Debug|Any CPU
		{11ED6E2C-88E6-4A6C-9EFB-E6F1DFE3BD0D}.Release|Any CPU.ActiveCfg = Release|Any CPU
		{11ED6E2C-88E6-4A6C-9EFB-E6F1DFE3BD0D}.Release|Any CPU.Build.0 = Release|Any CPU
		{1DC38685-54BB-4E42-91B8-875576455CD5}.Debug|Any CPU.ActiveCfg = Debug|Any CPU
		{1DC38685-54BB-4E42-91B8-875576455CD5}.Debug|Any CPU.Build.0 = Debug|Any CPU
		{1DC38685-54BB-4E42-91B8-875576455CD5}.Release|Any CPU.ActiveCfg = Release|Any CPU
		{1DC38685-54BB-4E42-91B8-875576455CD5}.Release|Any CPU.Build.0 = Release|Any CPU
		{C99E5801-D3CD-48DD-9B35-8207DBA45ADE}.Debug|Any CPU.ActiveCfg = Debug|Any CPU
		{C99E5801-D3CD-48DD-9B35-8207DBA45ADE}.Debug|Any CPU.Build.0 = Debug|Any CPU
		{C99E5801-D3CD-48DD-9B35-8207DBA45ADE}.Release|Any CPU.ActiveCfg = Release|Any CPU
		{C99E5801-D3CD-48DD-9B35-8207DBA45ADE}.Release|Any CPU.Build.0 = Release|Any CPU
		{CD8088E3-B650-4E5A-AC81-B2C0D23A353C}.Debug|Any CPU.ActiveCfg = Debug|Any CPU
		{CD8088E3-B650-4E5A-AC81-B2C0D23A353C}.Debug|Any CPU.Build.0 = Debug|Any CPU
		{CD8088E3-B650-4E5A-AC81-B2C0D23A353C}.Release|Any CPU.ActiveCfg = Release|Any CPU
		{CD8088E3-B650-4E5A-AC81-B2C0D23A353C}.Release|Any CPU.Build.0 = Release|Any CPU
		{01D5FECB-C502-4399-AD91-4E0476B734A4}.Debug|Any CPU.ActiveCfg = Debug|Any CPU
		{01D5FECB-C502-4399-AD91-4E0476B734A4}.Debug|Any CPU.Build.0 = Debug|Any CPU
		{01D5FECB-C502-4399-AD91-4E0476B734A4}.Release|Any CPU.ActiveCfg = Release|Any CPU
		{01D5FECB-C502-4399-AD91-4E0476B734A4}.Release|Any CPU.Build.0 = Release|Any CPU
		{563C2157-E292-4A04-B029-0CB1B67E8A21}.Debug|Any CPU.ActiveCfg = Debug|Any CPU
		{563C2157-E292-4A04-B029-0CB1B67E8A21}.Debug|Any CPU.Build.0 = Debug|Any CPU
		{563C2157-E292-4A04-B029-0CB1B67E8A21}.Release|Any CPU.ActiveCfg = Release|Any CPU
		{563C2157-E292-4A04-B029-0CB1B67E8A21}.Release|Any CPU.Build.0 = Release|Any CPU
	EndGlobalSection
	GlobalSection(SolutionProperties) = preSolution
		HideSolutionNode = FALSE
	EndGlobalSection
	GlobalSection(NestedProjects) = preSolution
		{D436D311-EAC7-4A17-9267-59F7EB42F369} = {02EA681E-C7D8-13C7-8484-4AC65E1B71E8}
		{E2E4D266-9FE6-4545-8C85-E7BFBAEF0727} = {B446CD63-FAD5-4D05-B0DC-8A9FD6AA7C0C}
		{11ED6E2C-88E6-4A6C-9EFB-E6F1DFE3BD0D} = {B446CD63-FAD5-4D05-B0DC-8A9FD6AA7C0C}
		{1DC38685-54BB-4E42-91B8-875576455CD5} = {B446CD63-FAD5-4D05-B0DC-8A9FD6AA7C0C}
		{C99E5801-D3CD-48DD-9B35-8207DBA45ADE} = {B446CD63-FAD5-4D05-B0DC-8A9FD6AA7C0C}
		{CD8088E3-B650-4E5A-AC81-B2C0D23A353C} = {B446CD63-FAD5-4D05-B0DC-8A9FD6AA7C0C}
		{563C2157-E292-4A04-B029-0CB1B67E8A21} = {02EA681E-C7D8-13C7-8484-4AC65E1B71E8}
	EndGlobalSection
	GlobalSection(ExtensibilityGlobals) = postSolution
		SolutionGuid = {B49097F5-E8D3-4EA2-BCBD-9CCDA3B72E9E}
	EndGlobalSection
EndGlobal
